
Microsoft Visual Studio Solution File, Format Version 12.00
# Visual Studio 15
Project("{FAE04EC0-301F-11D3-BF4B-00C04F79EFBC}") = "Assembly-CSharp", "Assembly-CSharp.csproj", "{726F2137-A4C8-B97B-E63F-5AA8CAD04D05}"
EndProject
Project("{FAE04EC0-301F-11D3-BF4B-00C04F79EFBC}") = "Assembly-CSharp-Editor", "Assembly-CSharp-Editor.csproj", "{DBF1AC42-0B84-93B6-F138-49DC8321F4CF}"
EndProject
Global
	GlobalSection(SolutionConfigurationPlatforms) = preSolution
		Debug|Any CPU = Debug|Any CPU
		Release|Any CPU = Release|Any CPU
	EndGlobalSection
	GlobalSection(ProjectConfigurationPlatforms) = postSolution
		{726F2137-A4C8-B97B-E63F-5AA8CAD04D05}.Debug|Any CPU.ActiveCfg = Debug|Any CPU
		{726F2137-A4C8-B97B-E63F-5AA8CAD04D05}.Debug|Any CPU.Build.0 = Debug|Any CPU
		{726F2137-A4C8-B97B-E63F-5AA8CAD04D05}.Release|Any CPU.ActiveCfg = Release|Any CPU
		{726F2137-A4C8-B97B-E63F-5AA8CAD04D05}.Release|Any CPU.Build.0 = Release|Any CPU
		{DBF1AC42-0B84-93B6-F138-49DC8321F4CF}.Debug|Any CPU.ActiveCfg = Debug|Any CPU
		{DBF1AC42-0B84-93B6-F138-49DC8321F4CF}.Debug|Any CPU.Build.0 = Debug|Any CPU
		{DBF1AC42-0B84-93B6-F138-49DC8321F4CF}.Release|Any CPU.ActiveCfg = Release|Any CPU
		{DBF1AC42-0B84-93B6-F138-49DC8321F4CF}.Release|Any CPU.Build.0 = Release|Any CPU
	EndGlobalSection
	GlobalSection(SolutionProperties) = preSolution
		HideSolutionNode = FALSE
	EndGlobalSection
EndGlobal
